// !$*UTF8*$!
{
	archiveVersion = 1;
	classes = {
	};
	objectVersion = 56;
	objects = {

/* Begin PBXBuildFile section */
		CB6091532B5EDF2000D4383F /* AppDelegate.swift in Sources */ = {isa = PBXBuildFile; fileRef = CB6091522B5EDF2000D4383F /* AppDelegate.swift */; };
		CB6091552B5EDF2000D4383F /* SceneDelegate.swift in Sources */ = {isa = PBXBuildFile; fileRef = CB6091542B5EDF2000D4383F /* SceneDelegate.swift */; };
		CB6091572B5EDF2000D4383F /* ViewController.swift in Sources */ = {isa = PBXBuildFile; fileRef = CB6091562B5EDF2000D4383F /* ViewController.swift */; };
		CB60915A2B5EDF2000D4383F /* Main.storyboard in Resources */ = {isa = PBXBuildFile; fileRef = CB6091582B5EDF2000D4383F /* Main.storyboard */; };
		CB60915D2B5EDF2000D4383F /* UIControlDemo.xcdatamodeld in Sources */ = {isa = PBXBuildFile; fileRef = CB60915B2B5EDF2000D4383F /* UIControlDemo.xcdatamodeld */; };
		CB60915F2B5EDF2100D4383F /* Assets.xcassets in Resources */ = {isa = PBXBuildFile; fileRef = CB60915E2B5EDF2100D4383F /* Assets.xcassets */; };
		CB6091622B5EDF2100D4383F /* LaunchScreen.storyboard in Resources */ = {isa = PBXBuildFile; fileRef = CB6091602B5EDF2100D4383F /* LaunchScreen.storyboard */; };
		CB60916D2B5EDF2100D4383F /* UIControlDemoTests.swift in Sources */ = {isa = PBXBuildFile; fileRef = CB60916C2B5EDF2100D4383F /* UIControlDemoTests.swift */; };
		CB6091772B5EDF2100D4383F /* UIControlDemoUITests.swift in Sources */ = {isa = PBXBuildFile; fileRef = CB6091762B5EDF2100D4383F /* UIControlDemoUITests.swift */; };
		CB6091792B5EDF2100D4383F /* UIControlDemoUITestsLaunchTests.swift in Sources */ = {isa = PBXBuildFile; fileRef = CB6091782B5EDF2100D4383F /* UIControlDemoUITestsLaunchTests.swift */; };
/* End PBXBuildFile section */

/* Begin PBXContainerItemProxy section */
		CB6091692B5EDF2100D4383F /* PBXContainerItemProxy */ = {
			isa = PBXContainerItemProxy;
			containerPortal = CB6091472B5EDF2000D4383F /* Project object */;
			proxyType = 1;
			remoteGlobalIDString = CB60914E2B5EDF2000D4383F;
			remoteInfo = UIControlDemo;
		};
		CB6091732B5EDF2100D4383F /* PBXContainerItemProxy */ = {
			isa = PBXContainerItemProxy;
			containerPortal = CB6091472B5EDF2000D4383F /* Project object */;
			proxyType = 1;
			remoteGlobalIDString = CB60914E2B5EDF2000D4383F;
			remoteInfo = UIControlDemo;
		};
/* End PBXContainerItemProxy section */

/* Begin PBXFileReference section */
		CB60914F2B5EDF2000D4383F /* UIControlDemo.app */ = {isa = PBXFileReference; explicitFileType = wrapper.application; includeInIndex = 0; path = UIControlDemo.app; sourceTree = BUILT_PRODUCTS_DIR; };
		CB6091522B5EDF2000D4383F /* AppDelegate.swift */ = {isa = PBXFileReference; lastKnownFileType = sourcecode.swift; path = AppDelegate.swift; sourceTree = "<group>"; };
		CB6091542B5EDF2000D4383F /* SceneDelegate.swift */ = {isa = PBXFileReference; lastKnownFileType = sourcecode.swift; path = SceneDelegate.swift; sourceTree = "<group>"; };
		CB6091562B5EDF2000D4383F /* ViewController.swift */ = {isa = PBXFileReference; lastKnownFileType = sourcecode.swift; path = ViewController.swift; sourceTree = "<group>"; };
		CB6091592B5EDF2000D4383F /* Base */ = {isa = PBXFileReference; lastKnownFileType = file.storyboard; name = Base; path = Base.lproj/Main.storyboard; sourceTree = "<group>"; };
		CB60915C2B5EDF2000D4383F /* UIControlDemo.xcdatamodel */ = {isa = PBXFileReference; lastKnownFileType = wrapper.xcdatamodel; path = UIControlDemo.xcdatamodel; sourceTree = "<group>"; };
		CB60915E2B5EDF2100D4383F /* Assets.xcassets */ = {isa = PBXFileReference; lastKnownFileType = folder.assetcatalog; path = Assets.xcassets; sourceTree = "<group>"; };
		CB6091612B5EDF2100D4383F /* Base */ = {isa = PBXFileReference; lastKnownFileType = file.storyboard; name = Base; path = Base.lproj/LaunchScreen.storyboard; sourceTree = "<group>"; };
		CB6091632B5EDF2100D4383F /* Info.plist */ = {isa = PBXFileReference; lastKnownFileType = text.plist.xml; path = Info.plist; sourceTree = "<group>"; };
		CB6091682B5EDF2100D4383F /* UIControlDemoTests.xctest */ = {isa = PBXFileReference; explicitFileType = wrapper.cfbundle; includeInIndex = 0; path = UIControlDemoTests.xctest; sourceTree = BUILT_PRODUCTS_DIR; };
		CB60916C2B5EDF2100D4383F /* UIControlDemoTests.swift */ = {isa = PBXFileReference; lastKnownFileType = sourcecode.swift; path = UIControlDemoTests.swift; sourceTree = "<group>"; };
		CB6091722B5EDF2100D4383F /* UIControlDemoUITests.xctest */ = {isa = PBXFileReference; explicitFileType = wrapper.cfbundle; includeInIndex = 0; path = UIControlDemoUITests.xctest; sourceTree = BUILT_PRODUCTS_DIR; };
		CB6091762B5EDF2100D4383F /* UIControlDemoUITests.swift */ = {isa = PBXFileReference; lastKnownFileType = sourcecode.swift; path = UIControlDemoUITests.swift; sourceTree = "<group>"; };
		CB6091782B5EDF2100D4383F /* UIControlDemoUITestsLaunchTests.swift */ = {isa = PBXFileReference; lastKnownFileType = sourcecode.swift; path = UIControlDemoUITestsLaunchTests.swift; sourceTree = "<group>"; };
/* End PBXFileReference section */

/* Begin PBXFrameworksBuildPhase section */
		CB60914C2B5EDF2000D4383F /* Frameworks */ = {
			isa = PBXFrameworksBuildPhase;
			buildActionMask = 2147483647;
			files = (
			);
			runOnlyForDeploymentPostprocessing = 0;
		};
		CB6091652B5EDF2100D4383F /* Frameworks */ = {
			isa = PBXFrameworksBuildPhase;
			buildActionMask = 2147483647;
			files = (
			);
			runOnlyForDeploymentPostprocessing = 0;
		};
		CB60916F2B5EDF2100D4383F /* Frameworks */ = {
			isa = PBXFrameworksBuildPhase;
			buildActionMask = 2147483647;
			files = (
			);
			runOnlyForDeploymentPostprocessing = 0;
		};
/* End PBXFrameworksBuildPhase section */

/* Begin PBXGroup section */
		CB6091462B5EDF2000D4383F = {
			isa = PBXGroup;
			children = (
				CB6091512B5EDF2000D4383F /* UIControlDemo */,
				CB60916B2B5EDF2100D4383F /* UIControlDemoTests */,
				CB6091752B5EDF2100D4383F /* UIControlDemoUITests */,
				CB6091502B5EDF2000D4383F /* Products */,
			);
			sourceTree = "<group>";
		};
		CB6091502B5EDF2000D4383F /* Products */ = {
			isa = PBXGroup;
			children = (
				CB60914F2B5EDF2000D4383F /* UIControlDemo.app */,
				CB6091682B5EDF2100D4383F /* UIControlDemoTests.xctest */,
				CB6091722B5EDF2100D4383F /* UIControlDemoUITests.xctest */,
			);
			name = Products;
			sourceTree = "<group>";
		};
		CB6091512B5EDF2000D4383F /* UIControlDemo */ = {
			isa = PBXGroup;
			children = (
				CB6091522B5EDF2000D4383F /* AppDelegate.swift */,
				CB6091542B5EDF2000D4383F /* SceneDelegate.swift */,
				CB6091562B5EDF2000D4383F /* ViewController.swift */,
				CB6091582B5EDF2000D4383F /* Main.storyboard */,
				CB60915E2B5EDF2100D4383F /* Assets.xcassets */,
				CB6091602B5EDF2100D4383F /* LaunchScreen.storyboard */,
				CB6091632B5EDF2100D4383F /* Info.plist */,
				CB60915B2B5EDF2000D4383F /* UIControlDemo.xcdatamodeld */,
			);
			path = UIControlDemo;
			sourceTree = "<group>";
		};
		CB60916B2B5EDF2100D4383F /* UIControlDemoTests */ = {
			isa = PBXGroup;
			children = (
				CB60916C2B5EDF2100D4383F /* UIControlDemoTests.swift */,
			);
			path = UIControlDemoTests;
			sourceTree = "<group>";
		};
		CB6091752B5EDF2100D4383F /* UIControlDemoUITests */ = {
			isa = PBXGroup;
			children = (
				CB6091762B5EDF2100D4383F /* UIControlDemoUITests.swift */,
				CB6091782B5EDF2100D4383F /* UIControlDemoUITestsLaunchTests.swift */,
			);
			path = UIControlDemoUITests;
			sourceTree = "<group>";
		};
/* End PBXGroup section */

/* Begin PBXNativeTarget section */
		CB60914E2B5EDF2000D4383F /* UIControlDemo */ = {
			isa = PBXNativeTarget;
			buildConfigurationList = CB60917C2B5EDF2100D4383F /* Build configuration list for PBXNativeTarget "UIControlDemo" */;
			buildPhases = (
				CB60914B2B5EDF2000D4383F /* Sources */,
				CB60914C2B5EDF2000D4383F /* Frameworks */,
				CB60914D2B5EDF2000D4383F /* Resources */,
			);
			buildRules = (
			);
			dependencies = (
			);
			name = UIControlDemo;
			productName = UIControlDemo;
			productReference = CB60914F2B5EDF2000D4383F /* UIControlDemo.app */;
			productType = "com.apple.product-type.application";
		};
		CB6091672B5EDF2100D4383F /* UIControlDemoTests */ = {
			isa = PBXNativeTarget;
			buildConfigurationList = CB60917F2B5EDF2100D4383F /* Build configuration list for PBXNativeTarget "UIControlDemoTests" */;
			buildPhases = (
				CB6091642B5EDF2100D4383F /* Sources */,
				CB6091652B5EDF2100D4383F /* Frameworks */,
				CB6091662B5EDF2100D4383F /* Resources */,
			);
			buildRules = (
			);
			dependencies = (
				CB60916A2B5EDF2100D4383F /* PBXTargetDependency */,
			);
			name = UIControlDemoTests;
			productName = UIControlDemoTests;
			productReference = CB6091682B5EDF2100D4383F /* UIControlDemoTests.xctest */;
			productType = "com.apple.product-type.bundle.unit-test";
		};
		CB6091712B5EDF2100D4383F /* UIControlDemoUITests */ = {
			isa = PBXNativeTarget;
			buildConfigurationList = CB6091822B5EDF2100D4383F /* Build configuration list for PBXNativeTarget "UIControlDemoUITests" */;
			buildPhases = (
				CB60916E2B5EDF2100D4383F /* Sources */,
				CB60916F2B5EDF2100D4383F /* Frameworks */,
				CB6091702B5EDF2100D4383F /* Resources */,
			);
			buildRules = (
			);
			dependencies = (
				CB6091742B5EDF2100D4383F /* PBXTargetDependency */,
			);
			name = UIControlDemoUITests;
			productName = UIControlDemoUITests;
			productReference = CB6091722B5EDF2100D4383F /* UIControlDemoUITests.xctest */;
			productType = "com.apple.product-type.bundle.ui-testing";
		};
/* End PBXNativeTarget section */

/* Begin PBXProject section */
		CB6091472B5EDF2000D4383F /* Project object */ = {
			isa = PBXProject;
			attributes = {
				BuildIndependentTargetsInParallel = 1;
				LastSwiftUpdateCheck = 1420;
				LastUpgradeCheck = 1420;
				TargetAttributes = {
					CB60914E2B5EDF2000D4383F = {
						CreatedOnToolsVersion = 14.2;
					};
					CB6091672B5EDF2100D4383F = {
						CreatedOnToolsVersion = 14.2;
						TestTargetID = CB60914E2B5EDF2000D4383F;
					};
					CB6091712B5EDF2100D4383F = {
						CreatedOnToolsVersion = 14.2;
						TestTargetID = CB60914E2B5EDF2000D4383F;
					};
				};
			};
			buildConfigurationList = CB60914A2B5EDF2000D4383F /* Build configuration list for PBXProject "UIControlDemo" */;
			compatibilityVersion = "Xcode 14.0";
			developmentRegion = en;
			hasScannedForEncodings = 0;
			knownRegions = (
				en,
				Base,
			);
			mainGroup = CB6091462B5EDF2000D4383F;
			productRefGroup = CB6091502B5EDF2000D4383F /* Products */;
			projectDirPath = "";
			projectRoot = "";
			targets = (
				CB60914E2B5EDF2000D4383F /* UIControlDemo */,
				CB6091672B5EDF2100D4383F /* UIControlDemoTests */,
				CB6091712B5EDF2100D4383F /* UIControlDemoUITests */,
			);
		};
/* End PBXProject section */

/* Begin PBXResourcesBuildPhase section */
		CB60914D2B5EDF2000D4383F /* Resources */ = {
			isa = PBXResourcesBuildPhase;
			buildActionMask = 2147483647;
			files = (
				CB6091622B5EDF2100D4383F /* LaunchScreen.storyboard in Resources */,
				CB60915F2B5EDF2100D4383F /* Assets.xcassets in Resources */,
				CB60915A2B5EDF2000D4383F /* Main.storyboard in Resources */,
			);
			runOnlyForDeploymentPostprocessing = 0;
		};
		CB6091662B5EDF2100D4383F /* Resources */ = {
			isa = PBXResourcesBuildPhase;
			buildActionMask = 2147483647;
			files = (
			);
			runOnlyForDeploymentPostprocessing = 0;
		};
		CB6091702B5EDF2100D4383F /* Resources */ = {
			isa = PBXResourcesBuildPhase;
			buildActionMask = 2147483647;
			files = (
			);
			runOnlyForDeploymentPostprocessing = 0;
		};
/* End PBXResourcesBuildPhase section */

/* Begin PBXSourcesBuildPhase section */
		CB60914B2B5EDF2000D4383F /* Sources */ = {
			isa = PBXSourcesBuildPhase;
			buildActionMask = 2147483647;
			files = (
				CB6091572B5EDF2000D4383F /* ViewController.swift in Sources */,
				CB6091532B5EDF2000D4383F /* AppDelegate.swift in Sources */,
				CB60915D2B5EDF2000D4383F /* UIControlDemo.xcdatamodeld in Sources */,
				CB6091552B5EDF2000D4383F /* SceneDelegate.swift in Sources */,
			);
			runOnlyForDeploymentPostprocessing = 0;
		};
		CB6091642B5EDF2100D4383F /* Sources */ = {
			isa = PBXSourcesBuildPhase;
			buildActionMask = 2147483647;
			files = (
				CB60916D2B5EDF2100D4383F /* UIControlDemoTests.swift in Sources */,
			);
			runOnlyForDeploymentPostprocessing = 0;
		};
		CB60916E2B5EDF2100D4383F /* Sources */ = {
			isa = PBXSourcesBuildPhase;
			buildActionMask = 2147483647;
			files = (
				CB6091772B5EDF2100D4383F /* UIControlDemoUITests.swift in Sources */,
				CB6091792B5EDF2100D4383F /* UIControlDemoUITestsLaunchTests.swift in Sources */,
			);
			runOnlyForDeploymentPostprocessing = 0;
		};
/* End PBXSourcesBuildPhase section */

/* Begin PBXTargetDependency section */
		CB60916A2B5EDF2100D4383F /* PBXTargetDependency */ = {
			isa = PBXTargetDependency;
			target = CB60914E2B5EDF2000D4383F /* UIControlDemo */;
			targetProxy = CB6091692B5EDF2100D4383F /* PBXContainerItemProxy */;
		};
		CB6091742B5EDF2100D4383F /* PBXTargetDependency */ = {
			isa = PBXTargetDependency;
			target = CB60914E2B5EDF2000D4383F /* UIControlDemo */;
			targetProxy = CB6091732B5EDF2100D4383F /* PBXContainerItemProxy */;
		};
/* End PBXTargetDependency section */

/* Begin PBXVariantGroup section */
		CB6091582B5EDF2000D4383F /* Main.storyboard */ = {
			isa = PBXVariantGroup;
			children = (
				CB6091592B5EDF2000D4383F /* Base */,
			);
			name = Main.storyboard;
			sourceTree = "<group>";
		};
		CB6091602B5EDF2100D4383F /* LaunchScreen.storyboard */ = {
			isa = PBXVariantGroup;
			children = (
				CB6091612B5EDF2100D4383F /* Base */,
			);
			name = LaunchScreen.storyboard;
			sourceTree = "<group>";
		};
/* End PBXVariantGroup section */

/* Begin XCBuildConfiguration section */
		CB60917A2B5EDF2100D4383F /* Debug */ = {
			isa = XCBuildConfiguration;
			buildSettings = {
				ALWAYS_SEARCH_USER_PATHS = NO;
				CLANG_ANALYZER_NONNULL = YES;
				CLANG_ANALYZER_NUMBER_OBJECT_CONVERSION = YES_AGGRESSIVE;
				CLANG_CXX_LANGUAGE_STANDARD = "gnu++20";
				CLANG_ENABLE_MODULES = YES;
				CLANG_ENABLE_OBJC_ARC = YES;
				CLANG_ENABLE_OBJC_WEAK = YES;
				CLANG_WARN_BLOCK_CAPTURE_AUTORELEASING = YES;
				CLANG_WARN_BOOL_CONVERSION = YES;
				CLANG_WARN_COMMA = YES;
				CLANG_WARN_CONSTANT_CONVERSION = YES;
				CLANG_WARN_DEPRECATED_OBJC_IMPLEMENTATIONS = YES;
				CLANG_WARN_DIRECT_OBJC_ISA_USAGE = YES_ERROR;
				CLANG_WARN_DOCUMENTATION_COMMENTS = YES;
				CLANG_WARN_EMPTY_BODY = YES;
				CLANG_WARN_ENUM_CONVERSION = YES;
				CLANG_WARN_INFINITE_RECURSION = YES;
				CLANG_WARN_INT_CONVERSION = YES;
				CLANG_WARN_NON_LITERAL_NULL_CONVERSION = YES;
				CLANG_WARN_OBJC_IMPLICIT_RETAIN_SELF = YES;
				CLANG_WARN_OBJC_LITERAL_CONVERSION = YES;
				CLANG_WARN_OBJC_ROOT_CLASS = YES_ERROR;
				CLANG_WARN_QUOTED_INCLUDE_IN_FRAMEWORK_HEADER = YES;
				CLANG_WARN_RANGE_LOOP_ANALYSIS = YES;
				CLANG_WARN_STRICT_PROTOTYPES = YES;
				CLANG_WARN_SUSPICIOUS_MOVE = YES;
				CLANG_WARN_UNGUARDED_AVAILABILITY = YES_AGGRESSIVE;
				CLANG_WARN_UNREACHABLE_CODE = YES;
				CLANG_WARN__DUPLICATE_METHOD_MATCH = YES;
				COPY_PHASE_STRIP = NO;
				DEBUG_INFORMATION_FORMAT = dwarf;
				ENABLE_STRICT_OBJC_MSGSEND = YES;
				ENABLE_TESTABILITY = YES;
				GCC_C_LANGUAGE_STANDARD = gnu11;
				GCC_DYNAMIC_NO_PIC = NO;
				GCC_NO_COMMON_BLOCKS = YES;
				GCC_OPTIMIZATION_LEVEL = 0;
				GCC_PREPROCESSOR_DEFINITIONS = (
					"DEBUG=1",
					"$(inherited)",
				);
				GCC_WARN_64_TO_32_BIT_CONVERSION = YES;
				GCC_WARN_ABOUT_RETURN_TYPE = YES_ERROR;
				GCC_WARN_UNDECLARED_SELECTOR = YES;
				GCC_WARN_UNINITIALIZED_AUTOS = YES_AGGRESSIVE;
				GCC_WARN_UNUSED_FUNCTION = YES;
				GCC_WARN_UNUSED_VARIABLE = YES;
				IPHONEOS_DEPLOYMENT_TARGET = 16.2;
				MTL_ENABLE_DEBUG_INFO = INCLUDE_SOURCE;
				MTL_FAST_MATH = YES;
				ONLY_ACTIVE_ARCH = YES;
				SDKROOT = iphoneos;
				SWIFT_ACTIVE_COMPILATION_CONDITIONS = DEBUG;
				SWIFT_OPTIMIZATION_LEVEL = "-Onone";
			};
			name = Debug;
		};
		CB60917B2B5EDF2100D4383F /* Release */ = {
			isa = XCBuildConfiguration;
			buildSettings = {
				ALWAYS_SEARCH_USER_PATHS = NO;
				CLANG_ANALYZER_NONNULL = YES;
				CLANG_ANALYZER_NUMBER_OBJECT_CONVERSION = YES_AGGRESSIVE;
				CLANG_CXX_LANGUAGE_STANDARD = "gnu++20";
				CLANG_ENABLE_MODULES = YES;
				CLANG_ENABLE_OBJC_ARC = YES;
				CLANG_ENABLE_OBJC_WEAK = YES;
				CLANG_WARN_BLOCK_CAPTURE_AUTORELEASING = YES;
				CLANG_WARN_BOOL_CONVERSION = YES;
				CLANG_WARN_COMMA = YES;
				CLANG_WARN_CONSTANT_CONVERSION = YES;
				CLANG_WARN_DEPRECATED_OBJC_IMPLEMENTATIONS = YES;
				CLANG_WARN_DIRECT_OBJC_ISA_USAGE = YES_ERROR;
				CLANG_WARN_DOCUMENTATION_COMMENTS = YES;
				CLANG_WARN_EMPTY_BODY = YES;
				CLANG_WARN_ENUM_CONVERSION = YES;
				CLANG_WARN_INFINITE_RECURSION = YES;
				CLANG_WARN_INT_CONVERSION = YES;
				CLANG_WARN_NON_LITERAL_NULL_CONVERSION = YES;
				CLANG_WARN_OBJC_IMPLICIT_RETAIN_SELF = YES;
				CLANG_WARN_OBJC_LITERAL_CONVERSION = YES;
				CLANG_WARN_OBJC_ROOT_CLASS = YES_ERROR;
				CLANG_WARN_QUOTED_INCLUDE_IN_FRAMEWORK_HEADER = YES;
				CLANG_WARN_RANGE_LOOP_ANALYSIS = YES;
				CLANG_WARN_STRICT_PROTOTYPES = YES;
				CLANG_WARN_SUSPICIOUS_MOVE = YES;
				CLANG_WARN_UNGUARDED_AVAILABILITY = YES_AGGRESSIVE;
				CLANG_WARN_UNREACHABLE_CODE = YES;
				CLANG_WARN__DUPLICATE_METHOD_MATCH = YES;
				COPY_PHASE_STRIP = NO;
				DEBUG_INFORMATION_FORMAT = "dwarf-with-dsym";
				ENABLE_NS_ASSERTIONS = NO;
				ENABLE_STRICT_OBJC_MSGSEND = YES;
				GCC_C_LANGUAGE_STANDARD = gnu11;
				GCC_NO_COMMON_BLOCKS = YES;
				GCC_WARN_64_TO_32_BIT_CONVERSION = YES;
				GCC_WARN_ABOUT_RETURN_TYPE = YES_ERROR;
				GCC_WARN_UNDECLARED_SELECTOR = YES;
				GCC_WARN_UNINITIALIZED_AUTOS = YES_AGGRESSIVE;
				GCC_WARN_UNUSED_FUNCTION = YES;
				GCC_WARN_UNUSED_VARIABLE = YES;
				IPHONEOS_DEPLOYMENT_TARGET = 16.2;
				MTL_ENABLE_DEBUG_INFO = NO;
				MTL_FAST_MATH = YES;
				SDKROOT = iphoneos;
				SWIFT_COMPILATION_MODE = wholemodule;
				SWIFT_OPTIMIZATION_LEVEL = "-O";
				VALIDATE_PRODUCT = YES;
			};
			name = Release;
		};
		CB60917D2B5EDF2100D4383F /* Debug */ = {
			isa = XCBuildConfiguration;
			buildSettings = {
				ASSETCATALOG_COMPILER_APPICON_NAME = AppIcon;
				ASSETCATALOG_COMPILER_GLOBAL_ACCENT_COLOR_NAME = AccentColor;
				CODE_SIGN_STYLE = Automatic;
				CURRENT_PROJECT_VERSION = 1;
				GENERATE_INFOPLIST_FILE = YES;
				INFOPLIST_FILE = UIControlDemo/Info.plist;
				INFOPLIST_KEY_UIApplicationSupportsIndirectInputEvents = YES;
				INFOPLIST_KEY_UILaunchStoryboardName = LaunchScreen;
				INFOPLIST_KEY_UIMainStoryboardFile = Main;
				INFOPLIST_KEY_UISupportedInterfaceOrientations_iPad = "UIInterfaceOrientationPortrait UIInterfaceOrientationPortraitUpsideDown UIInterfaceOrientationLandscapeLeft UIInterfaceOrientationLandscapeRight";
				INFOPLIST_KEY_UISupportedInterfaceOrientations_iPhone = "UIInterfaceOrientationPortrait UIInterfaceOrientationLandscapeLeft UIInterfaceOrientationLandscapeRight";
				LD_RUNPATH_SEARCH_PATHS = (
					"$(inherited)",
					"@executable_path/Frameworks",
				);
				MARKETING_VERSION = 1.0;
				PRODUCT_BUNDLE_IDENTIFIER = com.conestoga.UIControlDemo;
				PRODUCT_NAME = "$(TARGET_NAME)";
				SWIFT_EMIT_LOC_STRINGS = YES;
				SWIFT_VERSION = 5.0;
				TARGETED_DEVICE_FAMILY = "1,2";
			};
			name = Debug;
		};
		CB60917E2B5EDF2100D4383F /* Release */ = {
			isa = XCBuildConfiguration;
			buildSettings = {
				ASSETCATALOG_COMPILER_APPICON_NAME = AppIcon;
				ASSETCATALOG_COMPILER_GLOBAL_ACCENT_COLOR_NAME = AccentColor;
				CODE_SIGN_STYLE = Automatic;
				CURRENT_PROJECT_VERSION = 1;
				GENERATE_INFOPLIST_FILE = YES;
				INFOPLIST_FILE = UIControlDemo/Info.plist;
				INFOPLIST_KEY_UIApplicationSupportsIndirectInputEvents = YES;
				INFOPLIST_KEY_UILaunchStoryboardName = LaunchScreen;
				INFOPLIST_KEY_UIMainStoryboardFile = Main;
				INFOPLIST_KEY_UISupportedInterfaceOrientations_iPad = "UIInterfaceOrientationPortrait UIInterfaceOrientationPortraitUpsideDown UIInterfaceOrientationLandscapeLeft UIInterfaceOrientationLandscapeRight";
				INFOPLIST_KEY_UISupportedInterfaceOrientations_iPhone = "UIInterfaceOrientationPortrait UIInterfaceOrientationLandscapeLeft UIInterfaceOrientationLandscapeRight";
				LD_RUNPATH_SEARCH_PATHS = (
					"$(inherited)",
					"@executable_path/Frameworks",
				);
				MARKETING_VERSION = 1.0;
				PRODUCT_BUNDLE_IDENTIFIER = com.conestoga.UIControlDemo;
				PRODUCT_NAME = "$(TARGET_NAME)";
				SWIFT_EMIT_LOC_STRINGS = YES;
				SWIFT_VERSION = 5.0;
				TARGETED_DEVICE_FAMILY = "1,2";
			};
			name = Release;
		};
		CB6091802B5EDF2100D4383F /* Debug */ = {
			isa = XCBuildConfiguration;
			buildSettings = {
				ALWAYS_EMBED_SWIFT_STANDARD_LIBRARIES = YES;
				BUNDLE_LOADER = "$(TEST_HOST)";
				CODE_SIGN_STYLE = Automatic;
				CURRENT_PROJECT_VERSION = 1;
				GENERATE_INFOPLIST_FILE = YES;
				IPHONEOS_DEPLOYMENT_TARGET = 16.2;
				MARKETING_VERSION = 1.0;
				PRODUCT_BUNDLE_IDENTIFIER = com.conestoga.UIControlDemoTests;
				PRODUCT_NAME = "$(TARGET_NAME)";
				SWIFT_EMIT_LOC_STRINGS = NO;
				SWIFT_VERSION = 5.0;
				TARGETED_DEVICE_FAMILY = "1,2";
				TEST_HOST = "$(BUILT_PRODUCTS_DIR)/UIControlDemo.app/$(BUNDLE_EXECUTABLE_FOLDER_PATH)/UIControlDemo";
			};
			name = Debug;
		};
		CB6091812B5EDF2100D4383F /* Release */ = {
			isa = XCBuildConfiguration;
			buildSettings = {
				ALWAYS_EMBED_SWIFT_STANDARD_LIBRARIES = YES;
				BUNDLE_LOADER = "$(TEST_HOST)";
				CODE_SIGN_STYLE = Automatic;
				CURRENT_PROJECT_VERSION = 1;
				GENERATE_INFOPLIST_FILE = YES;
				IPHONEOS_DEPLOYMENT_TARGET = 16.2;
				MARKETING_VERSION = 1.0;
				PRODUCT_BUNDLE_IDENTIFIER = com.conestoga.UIControlDemoTests;
				PRODUCT_NAME = "$(TARGET_NAME)";
				SWIFT_EMIT_LOC_STRINGS = NO;
				SWIFT_VERSION = 5.0;
				TARGETED_DEVICE_FAMILY = "1,2";
				TEST_HOST = "$(BUILT_PRODUCTS_DIR)/UIControlDemo.app/$(BUNDLE_EXECUTABLE_FOLDER_PATH)/UIControlDemo";
			};
			name = Release;
		};
		CB6091832B5EDF2100D4383F /* Debug */ = {
			isa = XCBuildConfiguration;
			buildSettings = {
				ALWAYS_EMBED_SWIFT_STANDARD_LIBRARIES = YES;
				CODE_SIGN_STYLE = Automatic;
				CURRENT_PROJECT_VERSION = 1;
				GENERATE_INFOPLIST_FILE = YES;
				MARKETING_VERSION = 1.0;
				PRODUCT_BUNDLE_IDENTIFIER = com.conestoga.UIControlDemoUITests;
				PRODUCT_NAME = "$(TARGET_NAME)";
				SWIFT_EMIT_LOC_STRINGS = NO;
				SWIFT_VERSION = 5.0;
				TARGETED_DEVICE_FAMILY = "1,2";
				TEST_TARGET_NAME = UIControlDemo;
			};
			name = Debug;
		};
		CB6091842B5EDF2100D4383F /* Release */ = {
			isa = XCBuildConfiguration;
			buildSettings = {
				ALWAYS_EMBED_SWIFT_STANDARD_LIBRARIES = YES;
				CODE_SIGN_STYLE = Automatic;
				CURRENT_PROJECT_VERSION = 1;
				GENERATE_INFOPLIST_FILE = YES;
				MARKETING_VERSION = 1.0;
				PRODUCT_BUNDLE_IDENTIFIER = com.conestoga.UIControlDemoUITests;
				PRODUCT_NAME = "$(TARGET_NAME)";
				SWIFT_EMIT_LOC_STRINGS = NO;
				SWIFT_VERSION = 5.0;
				TARGETED_DEVICE_FAMILY = "1,2";
				TEST_TARGET_NAME = UIControlDemo;
			};
			name = Release;
		};
/* End XCBuildConfiguration section */

/* Begin XCConfigurationList section */
		CB60914A2B5EDF2000D4383F /* Build configuration list for PBXProject "UIControlDemo" */ = {
			isa = XCConfigurationList;
			buildConfigurations = (
				CB60917A2B5EDF2100D4383F /* Debug */,
				CB60917B2B5EDF2100D4383F /* Release */,
			);
			defaultConfigurationIsVisible = 0;
			defaultConfigurationName = Release;
		};
		CB60917C2B5EDF2100D4383F /* Build configuration list for PBXNativeTarget "UIControlDemo" */ = {
			isa = XCConfigurationList;
			buildConfigurations = (
				CB60917D2B5EDF2100D4383F /* Debug */,
				CB60917E2B5EDF2100D4383F /* Release */,
			);
			defaultConfigurationIsVisible = 0;
			defaultConfigurationName = Release;
		};
		CB60917F2B5EDF2100D4383F /* Build configuration list for PBXNativeTarget "UIControlDemoTests" */ = {
			isa = XCConfigurationList;
			buildConfigurations = (
				CB6091802B5EDF2100D4383F /* Debug */,
				CB6091812B5EDF2100D4383F /* Release */,
			);
			defaultConfigurationIsVisible = 0;
			defaultConfigurationName = Release;
		};
		CB6091822B5EDF2100D4383F /* Build configuration list for PBXNativeTarget "UIControlDemoUITests" */ = {
			isa = XCConfigurationList;
			buildConfigurations = (
				CB6091832B5EDF2100D4383F /* Debug */,
				CB6091842B5EDF2100D4383F /* Release */,
			);
			defaultConfigurationIsVisible = 0;
			defaultConfigurationName = Release;
		};
/* End XCConfigurationList section */

/* Begin XCVersionGroup section */
		CB60915B2B5EDF2000D4383F /* UIControlDemo.xcdatamodeld */ = {
			isa = XCVersionGroup;
			children = (
				CB60915C2B5EDF2000D4383F /* UIControlDemo.xcdatamodel */,
			);
			currentVersion = CB60915C2B5EDF2000D4383F /* UIControlDemo.xcdatamodel */;
			path = UIControlDemo.xcdatamodeld;
			sourceTree = "<group>";
			versionGroupType = wrapper.xcdatamodel;
		};
/* End XCVersionGroup section */
	};
	rootObject = CB6091472B5EDF2000D4383F /* Project object */;
}
